// !$*UTF8*$!
{
	archiveVersion = 1;
	classes = {
	};
	objectVersion = 46;
	objects = {

/* Begin PBXBuildFile section */
		154DAC422A01FA22A3F331D9 /* Pods_ToDoAppUITests.framework in Frameworks */ = {isa = PBXBuildFile; fileRef = CE6A793C6D02FA0EB348DA0C /* Pods_ToDoAppUITests.framework */; };
		3F37F0211E3F707E004897C6 /* Realm.framework in Frameworks */ = {isa = PBXBuildFile; fileRef = 3F37F0201E3F707E004897C6 /* Realm.framework */; };
		3F37F0221E3F707E004897C6 /* Realm.framework in Embed Frameworks */ = {isa = PBXBuildFile; fileRef = 3F37F0201E3F707E004897C6 /* Realm.framework */; settings = {ATTRIBUTES = (CodeSignOnCopy, RemoveHeadersOnCopy, ); }; };
		3F37F0251E3F7084004897C6 /* RealmSwift.framework in Frameworks */ = {isa = PBXBuildFile; fileRef = 3F37F0241E3F7084004897C6 /* RealmSwift.framework */; };
		3F37F0261E3F7084004897C6 /* RealmSwift.framework in Embed Frameworks */ = {isa = PBXBuildFile; fileRef = 3F37F0241E3F7084004897C6 /* RealmSwift.framework */; settings = {ATTRIBUTES = (CodeSignOnCopy, RemoveHeadersOnCopy, ); }; };
		3F37F0291E3F8498004897C6 /* TaskDataType.swift in Sources */ = {isa = PBXBuildFile; fileRef = 3F37F0281E3F8498004897C6 /* TaskDataType.swift */; };
		3F37F02B1E408461004897C6 /* StartScreenViewController.swift in Sources */ = {isa = PBXBuildFile; fileRef = 3F37F02A1E408461004897C6 /* StartScreenViewController.swift */; };
		3F8F94911E3CB036007CBAA9 /* AppDelegate.swift in Sources */ = {isa = PBXBuildFile; fileRef = 3F8F94901E3CB036007CBAA9 /* AppDelegate.swift */; };
		3F8F94931E3CB036007CBAA9 /* FirstViewController.swift in Sources */ = {isa = PBXBuildFile; fileRef = 3F8F94921E3CB036007CBAA9 /* FirstViewController.swift */; };
		3F8F94951E3CB036007CBAA9 /* SecondViewController.swift in Sources */ = {isa = PBXBuildFile; fileRef = 3F8F94941E3CB036007CBAA9 /* SecondViewController.swift */; };
		3F8F94981E3CB036007CBAA9 /* Main.storyboard in Resources */ = {isa = PBXBuildFile; fileRef = 3F8F94961E3CB036007CBAA9 /* Main.storyboard */; };
		3F8F949A1E3CB036007CBAA9 /* Assets.xcassets in Resources */ = {isa = PBXBuildFile; fileRef = 3F8F94991E3CB036007CBAA9 /* Assets.xcassets */; };
		3F8F949D1E3CB036007CBAA9 /* LaunchScreen.storyboard in Resources */ = {isa = PBXBuildFile; fileRef = 3F8F949B1E3CB036007CBAA9 /* LaunchScreen.storyboard */; };
		3F8F94A81E3CB036007CBAA9 /* ToDoAppTests.swift in Sources */ = {isa = PBXBuildFile; fileRef = 3F8F94A71E3CB036007CBAA9 /* ToDoAppTests.swift */; };
		3F8F94B31E3CB036007CBAA9 /* ToDoAppUITests.swift in Sources */ = {isa = PBXBuildFile; fileRef = 3F8F94B21E3CB036007CBAA9 /* ToDoAppUITests.swift */; };
		3F8F94C11E3CBD7C007CBAA9 /* SingleTaskCell.swift in Sources */ = {isa = PBXBuildFile; fileRef = 3F8F94C01E3CBD7C007CBAA9 /* SingleTaskCell.swift */; };
		3F8F94C31E3CE628007CBAA9 /* ThridViewController.swift in Sources */ = {isa = PBXBuildFile; fileRef = 3F8F94C21E3CE628007CBAA9 /* ThridViewController.swift */; };
		51D19F58A3FCF2DCB6140EDE /* Pods_ToDoAppTests.framework in Frameworks */ = {isa = PBXBuildFile; fileRef = 54A9C2978D6BC475C266ECB8 /* Pods_ToDoAppTests.framework */; };
/* End PBXBuildFile section */

/* Begin PBXContainerItemProxy section */
		3F8F94A41E3CB036007CBAA9 /* PBXContainerItemProxy */ = {
			isa = PBXContainerItemProxy;
			containerPortal = 3F8F94851E3CB036007CBAA9 /* Project object */;
			proxyType = 1;
			remoteGlobalIDString = 3F8F948C1E3CB036007CBAA9;
			remoteInfo = ToDoApp;
		};
		3F8F94AF1E3CB036007CBAA9 /* PBXContainerItemProxy */ = {
			isa = PBXContainerItemProxy;
			containerPortal = 3F8F94851E3CB036007CBAA9 /* Project object */;
			proxyType = 1;
			remoteGlobalIDString = 3F8F948C1E3CB036007CBAA9;
			remoteInfo = ToDoApp;
		};
/* End PBXContainerItemProxy section */

/* Begin PBXCopyFilesBuildPhase section */
		3F37F0231E3F707E004897C6 /* Embed Frameworks */ = {
			isa = PBXCopyFilesBuildPhase;
			buildActionMask = 2147483647;
			dstPath = "";
			dstSubfolderSpec = 10;
			files = (
				3F37F0261E3F7084004897C6 /* RealmSwift.framework in Embed Frameworks */,
				3F37F0221E3F707E004897C6 /* Realm.framework in Embed Frameworks */,
			);
			name = "Embed Frameworks";
			runOnlyForDeploymentPostprocessing = 0;
		};
/* End PBXCopyFilesBuildPhase section */

/* Begin PBXFileReference section */
		3F37F0201E3F707E004897C6 /* Realm.framework */ = {isa = PBXFileReference; lastKnownFileType = wrapper.framework; path = Realm.framework; sourceTree = "<group>"; };
		3F37F0241E3F7084004897C6 /* RealmSwift.framework */ = {isa = PBXFileReference; lastKnownFileType = wrapper.framework; path = RealmSwift.framework; sourceTree = "<group>"; };
		3F37F0281E3F8498004897C6 /* TaskDataType.swift */ = {isa = PBXFileReference; fileEncoding = 4; lastKnownFileType = sourcecode.swift; path = TaskDataType.swift; sourceTree = "<group>"; };
		3F37F02A1E408461004897C6 /* StartScreenViewController.swift */ = {isa = PBXFileReference; fileEncoding = 4; lastKnownFileType = sourcecode.swift; path = StartScreenViewController.swift; sourceTree = "<group>"; };
		3F8F948D1E3CB036007CBAA9 /* ToDoApp.app */ = {isa = PBXFileReference; explicitFileType = wrapper.application; includeInIndex = 0; path = ToDoApp.app; sourceTree = BUILT_PRODUCTS_DIR; };
		3F8F94901E3CB036007CBAA9 /* AppDelegate.swift */ = {isa = PBXFileReference; lastKnownFileType = sourcecode.swift; path = AppDelegate.swift; sourceTree = "<group>"; };
		3F8F94921E3CB036007CBAA9 /* FirstViewController.swift */ = {isa = PBXFileReference; lastKnownFileType = sourcecode.swift; path = FirstViewController.swift; sourceTree = "<group>"; };
		3F8F94941E3CB036007CBAA9 /* SecondViewController.swift */ = {isa = PBXFileReference; lastKnownFileType = sourcecode.swift; path = SecondViewController.swift; sourceTree = "<group>"; };
		3F8F94971E3CB036007CBAA9 /* Base */ = {isa = PBXFileReference; lastKnownFileType = file.storyboard; name = Base; path = Base.lproj/Main.storyboard; sourceTree = "<group>"; };
		3F8F94991E3CB036007CBAA9 /* Assets.xcassets */ = {isa = PBXFileReference; lastKnownFileType = folder.assetcatalog; path = Assets.xcassets; sourceTree = "<group>"; };
		3F8F949C1E3CB036007CBAA9 /* Base */ = {isa = PBXFileReference; lastKnownFileType = file.storyboard; name = Base; path = Base.lproj/LaunchScreen.storyboard; sourceTree = "<group>"; };
		3F8F949E1E3CB036007CBAA9 /* Info.plist */ = {isa = PBXFileReference; lastKnownFileType = text.plist.xml; path = Info.plist; sourceTree = "<group>"; };
		3F8F94A31E3CB036007CBAA9 /* ToDoAppTests.xctest */ = {isa = PBXFileReference; explicitFileType = wrapper.cfbundle; includeInIndex = 0; path = ToDoAppTests.xctest; sourceTree = BUILT_PRODUCTS_DIR; };
		3F8F94A71E3CB036007CBAA9 /* ToDoAppTests.swift */ = {isa = PBXFileReference; lastKnownFileType = sourcecode.swift; path = ToDoAppTests.swift; sourceTree = "<group>"; };
		3F8F94A91E3CB036007CBAA9 /* Info.plist */ = {isa = PBXFileReference; lastKnownFileType = text.plist.xml; path = Info.plist; sourceTree = "<group>"; };
		3F8F94AE1E3CB036007CBAA9 /* ToDoAppUITests.xctest */ = {isa = PBXFileReference; explicitFileType = wrapper.cfbundle; includeInIndex = 0; path = ToDoAppUITests.xctest; sourceTree = BUILT_PRODUCTS_DIR; };
		3F8F94B21E3CB036007CBAA9 /* ToDoAppUITests.swift */ = {isa = PBXFileReference; lastKnownFileType = sourcecode.swift; path = ToDoAppUITests.swift; sourceTree = "<group>"; };
		3F8F94B41E3CB036007CBAA9 /* Info.plist */ = {isa = PBXFileReference; lastKnownFileType = text.plist.xml; path = Info.plist; sourceTree = "<group>"; };
		3F8F94C01E3CBD7C007CBAA9 /* SingleTaskCell.swift */ = {isa = PBXFileReference; fileEncoding = 4; lastKnownFileType = sourcecode.swift; path = SingleTaskCell.swift; sourceTree = "<group>"; };
		3F8F94C21E3CE628007CBAA9 /* ThridViewController.swift */ = {isa = PBXFileReference; fileEncoding = 4; lastKnownFileType = sourcecode.swift; path = ThridViewController.swift; sourceTree = "<group>"; };
		54A9C2978D6BC475C266ECB8 /* Pods_ToDoAppTests.framework */ = {isa = PBXFileReference; explicitFileType = wrapper.framework; includeInIndex = 0; path = Pods_ToDoAppTests.framework; sourceTree = BUILT_PRODUCTS_DIR; };
		793887E5079350951FCA1571 /* Pods-ToDoAppUITests.debug.xcconfig */ = {isa = PBXFileReference; includeInIndex = 1; lastKnownFileType = text.xcconfig; name = "Pods-ToDoAppUITests.debug.xcconfig"; path = "Pods/Target Support Files/Pods-ToDoAppUITests/Pods-ToDoAppUITests.debug.xcconfig"; sourceTree = "<group>"; };
		950D6F697C9B4473E0951F89 /* Pods-ToDoAppUITests.release.xcconfig */ = {isa = PBXFileReference; includeInIndex = 1; lastKnownFileType = text.xcconfig; name = "Pods-ToDoAppUITests.release.xcconfig"; path = "Pods/Target Support Files/Pods-ToDoAppUITests/Pods-ToDoAppUITests.release.xcconfig"; sourceTree = "<group>"; };
		97B5308B3C8585F38BD99045 /* Pods-ToDoAppTests.debug.xcconfig */ = {isa = PBXFileReference; includeInIndex = 1; lastKnownFileType = text.xcconfig; name = "Pods-ToDoAppTests.debug.xcconfig"; path = "Pods/Target Support Files/Pods-ToDoAppTests/Pods-ToDoAppTests.debug.xcconfig"; sourceTree = "<group>"; };
		9927295253044AF4E1D3F054 /* Pods-ToDoApp.debug.xcconfig */ = {isa = PBXFileReference; includeInIndex = 1; lastKnownFileType = text.xcconfig; name = "Pods-ToDoApp.debug.xcconfig"; path = "Pods/Target Support Files/Pods-ToDoApp/Pods-ToDoApp.debug.xcconfig"; sourceTree = "<group>"; };
		A98E18DEA6EE77F8CE0D9B34 /* Pods-ToDoApp.release.xcconfig */ = {isa = PBXFileReference; includeInIndex = 1; lastKnownFileType = text.xcconfig; name = "Pods-ToDoApp.release.xcconfig"; path = "Pods/Target Support Files/Pods-ToDoApp/Pods-ToDoApp.release.xcconfig"; sourceTree = "<group>"; };
		B4ACED003CB4A0C571F67198 /* Pods-ToDoAppTests.release.xcconfig */ = {isa = PBXFileReference; includeInIndex = 1; lastKnownFileType = text.xcconfig; name = "Pods-ToDoAppTests.release.xcconfig"; path = "Pods/Target Support Files/Pods-ToDoAppTests/Pods-ToDoAppTests.release.xcconfig"; sourceTree = "<group>"; };
		CE6A793C6D02FA0EB348DA0C /* Pods_ToDoAppUITests.framework */ = {isa = PBXFileReference; explicitFileType = wrapper.framework; includeInIndex = 0; path = Pods_ToDoAppUITests.framework; sourceTree = BUILT_PRODUCTS_DIR; };
/* End PBXFileReference section */

/* Begin PBXFrameworksBuildPhase section */
		3F8F948A1E3CB036007CBAA9 /* Frameworks */ = {
			isa = PBXFrameworksBuildPhase;
			buildActionMask = 2147483647;
			files = (
				3F37F0251E3F7084004897C6 /* RealmSwift.framework in Frameworks */,
				3F37F0211E3F707E004897C6 /* Realm.framework in Frameworks */,
			);
			runOnlyForDeploymentPostprocessing = 0;
		};
		3F8F94A01E3CB036007CBAA9 /* Frameworks */ = {
			isa = PBXFrameworksBuildPhase;
			buildActionMask = 2147483647;
			files = (
				51D19F58A3FCF2DCB6140EDE /* Pods_ToDoAppTests.framework in Frameworks */,
			);
			runOnlyForDeploymentPostprocessing = 0;
		};
		3F8F94AB1E3CB036007CBAA9 /* Frameworks */ = {
			isa = PBXFrameworksBuildPhase;
			buildActionMask = 2147483647;
			files = (
				154DAC422A01FA22A3F331D9 /* Pods_ToDoAppUITests.framework in Frameworks */,
			);
			runOnlyForDeploymentPostprocessing = 0;
		};
/* End PBXFrameworksBuildPhase section */

/* Begin PBXGroup section */
		3F37F0271E3F8480004897C6 /* Models */ = {
			isa = PBXGroup;
			children = (
				3F37F0281E3F8498004897C6 /* TaskDataType.swift */,
			);
			name = Models;
			sourceTree = "<group>";
		};
		3F8F94841E3CB036007CBAA9 = {
			isa = PBXGroup;
			children = (
				3F37F0271E3F8480004897C6 /* Models */,
				3F37F0241E3F7084004897C6 /* RealmSwift.framework */,
				3F37F0201E3F707E004897C6 /* Realm.framework */,
				3F8F948F1E3CB036007CBAA9 /* ToDoApp */,
				3F8F94A61E3CB036007CBAA9 /* ToDoAppTests */,
				3F8F94B11E3CB036007CBAA9 /* ToDoAppUITests */,
				3F8F948E1E3CB036007CBAA9 /* Products */,
				4829C30CF5A98D7FBABB86F4 /* Pods */,
				D129035BA70FD33EE72206EE /* Frameworks */,
			);
			sourceTree = "<group>";
		};
		3F8F948E1E3CB036007CBAA9 /* Products */ = {
			isa = PBXGroup;
			children = (
				3F8F948D1E3CB036007CBAA9 /* ToDoApp.app */,
				3F8F94A31E3CB036007CBAA9 /* ToDoAppTests.xctest */,
				3F8F94AE1E3CB036007CBAA9 /* ToDoAppUITests.xctest */,
			);
			name = Products;
			sourceTree = "<group>";
		};
		3F8F948F1E3CB036007CBAA9 /* ToDoApp */ = {
			isa = PBXGroup;
			children = (
				3F8F94901E3CB036007CBAA9 /* AppDelegate.swift */,
				3F8F94921E3CB036007CBAA9 /* FirstViewController.swift */,
				3F8F94941E3CB036007CBAA9 /* SecondViewController.swift */,
				3F8F94961E3CB036007CBAA9 /* Main.storyboard */,
				3F8F94991E3CB036007CBAA9 /* Assets.xcassets */,
				3F8F949B1E3CB036007CBAA9 /* LaunchScreen.storyboard */,
				3F8F949E1E3CB036007CBAA9 /* Info.plist */,
				3F8F94C01E3CBD7C007CBAA9 /* SingleTaskCell.swift */,
				3F8F94C21E3CE628007CBAA9 /* ThridViewController.swift */,
				3F37F02A1E408461004897C6 /* StartScreenViewController.swift */,
			);
			path = ToDoApp;
			sourceTree = "<group>";
		};
		3F8F94A61E3CB036007CBAA9 /* ToDoAppTests */ = {
			isa = PBXGroup;
			children = (
				3F8F94A71E3CB036007CBAA9 /* ToDoAppTests.swift */,
				3F8F94A91E3CB036007CBAA9 /* Info.plist */,
			);
			path = ToDoAppTests;
			sourceTree = "<group>";
		};
		3F8F94B11E3CB036007CBAA9 /* ToDoAppUITests */ = {
			isa = PBXGroup;
			children = (
				3F8F94B21E3CB036007CBAA9 /* ToDoAppUITests.swift */,
				3F8F94B41E3CB036007CBAA9 /* Info.plist */,
			);
			path = ToDoAppUITests;
			sourceTree = "<group>";
		};
		4829C30CF5A98D7FBABB86F4 /* Pods */ = {
			isa = PBXGroup;
			children = (
				9927295253044AF4E1D3F054 /* Pods-ToDoApp.debug.xcconfig */,
				A98E18DEA6EE77F8CE0D9B34 /* Pods-ToDoApp.release.xcconfig */,
				97B5308B3C8585F38BD99045 /* Pods-ToDoAppTests.debug.xcconfig */,
				B4ACED003CB4A0C571F67198 /* Pods-ToDoAppTests.release.xcconfig */,
				793887E5079350951FCA1571 /* Pods-ToDoAppUITests.debug.xcconfig */,
				950D6F697C9B4473E0951F89 /* Pods-ToDoAppUITests.release.xcconfig */,
			);
			name = Pods;
			sourceTree = "<group>";
		};
		D129035BA70FD33EE72206EE /* Frameworks */ = {
			isa = PBXGroup;
			children = (
				54A9C2978D6BC475C266ECB8 /* Pods_ToDoAppTests.framework */,
				CE6A793C6D02FA0EB348DA0C /* Pods_ToDoAppUITests.framework */,
			);
			name = Frameworks;
			sourceTree = "<group>";
		};
/* End PBXGroup section */

/* Begin PBXNativeTarget section */
		3F8F948C1E3CB036007CBAA9 /* ToDoApp */ = {
			isa = PBXNativeTarget;
			buildConfigurationList = 3F8F94B71E3CB036007CBAA9 /* Build configuration list for PBXNativeTarget "ToDoApp" */;
			buildPhases = (
				9F9D92B6E2D771F306F302DC /* [CP] Check Pods Manifest.lock */,
				3F8F94891E3CB036007CBAA9 /* Sources */,
				3F8F948A1E3CB036007CBAA9 /* Frameworks */,
				3F8F948B1E3CB036007CBAA9 /* Resources */,
				C64E9E02743DB93B7591DC19 /* [CP] Embed Pods Frameworks */,
				1212AA018DF32FDE9843DCE1 /* [CP] Copy Pods Resources */,
				3F37F0231E3F707E004897C6 /* Embed Frameworks */,
			);
			buildRules = (
			);
			dependencies = (
			);
			name = ToDoApp;
			productName = ToDoApp;
			productReference = 3F8F948D1E3CB036007CBAA9 /* ToDoApp.app */;
			productType = "com.apple.product-type.application";
		};
		3F8F94A21E3CB036007CBAA9 /* ToDoAppTests */ = {
			isa = PBXNativeTarget;
			buildConfigurationList = 3F8F94BA1E3CB036007CBAA9 /* Build configuration list for PBXNativeTarget "ToDoAppTests" */;
			buildPhases = (
				8B4CEDEEFF8939C875B60AC4 /* [CP] Check Pods Manifest.lock */,
				3F8F949F1E3CB036007CBAA9 /* Sources */,
				3F8F94A01E3CB036007CBAA9 /* Frameworks */,
				3F8F94A11E3CB036007CBAA9 /* Resources */,
				914B51DC2B02D91983FE45CC /* [CP] Embed Pods Frameworks */,
				42309466F218D6872DFE2D7E /* [CP] Copy Pods Resources */,
			);
			buildRules = (
			);
			dependencies = (
				3F8F94A51E3CB036007CBAA9 /* PBXTargetDependency */,
			);
			name = ToDoAppTests;
			productName = ToDoAppTests;
			productReference = 3F8F94A31E3CB036007CBAA9 /* ToDoAppTests.xctest */;
			productType = "com.apple.product-type.bundle.unit-test";
		};
		3F8F94AD1E3CB036007CBAA9 /* ToDoAppUITests */ = {
			isa = PBXNativeTarget;
			buildConfigurationList = 3F8F94BD1E3CB036007CBAA9 /* Build configuration list for PBXNativeTarget "ToDoAppUITests" */;
			buildPhases = (
				BBAB6C5EB2488C647DE1BE57 /* [CP] Check Pods Manifest.lock */,
				3F8F94AA1E3CB036007CBAA9 /* Sources */,
				3F8F94AB1E3CB036007CBAA9 /* Frameworks */,
				3F8F94AC1E3CB036007CBAA9 /* Resources */,
				93C15E5C3805C07C723DF562 /* [CP] Embed Pods Frameworks */,
				1F7F0F07A9A8EA5A04EA6348 /* [CP] Copy Pods Resources */,
			);
			buildRules = (
			);
			dependencies = (
				3F8F94B01E3CB036007CBAA9 /* PBXTargetDependency */,
			);
			name = ToDoAppUITests;
			productName = ToDoAppUITests;
			productReference = 3F8F94AE1E3CB036007CBAA9 /* ToDoAppUITests.xctest */;
			productType = "com.apple.product-type.bundle.ui-testing";
		};
/* End PBXNativeTarget section */

/* Begin PBXProject section */
		3F8F94851E3CB036007CBAA9 /* Project object */ = {
			isa = PBXProject;
			attributes = {
				LastSwiftUpdateCheck = 0820;
				LastUpgradeCheck = 0820;
				ORGANIZATIONNAME = Student;
				TargetAttributes = {
					3F8F948C1E3CB036007CBAA9 = {
						CreatedOnToolsVersion = 8.2;
						ProvisioningStyle = Automatic;
					};
					3F8F94A21E3CB036007CBAA9 = {
						CreatedOnToolsVersion = 8.2;
						ProvisioningStyle = Automatic;
						TestTargetID = 3F8F948C1E3CB036007CBAA9;
					};
					3F8F94AD1E3CB036007CBAA9 = {
						CreatedOnToolsVersion = 8.2;
						ProvisioningStyle = Automatic;
						TestTargetID = 3F8F948C1E3CB036007CBAA9;
					};
				};
			};
			buildConfigurationList = 3F8F94881E3CB036007CBAA9 /* Build configuration list for PBXProject "ToDoApp" */;
			compatibilityVersion = "Xcode 3.2";
			developmentRegion = English;
			hasScannedForEncodings = 0;
			knownRegions = (
				en,
				Base,
			);
			mainGroup = 3F8F94841E3CB036007CBAA9;
			productRefGroup = 3F8F948E1E3CB036007CBAA9 /* Products */;
			projectDirPath = "";
			projectRoot = "";
			targets = (
				3F8F948C1E3CB036007CBAA9 /* ToDoApp */,
				3F8F94A21E3CB036007CBAA9 /* ToDoAppTests */,
				3F8F94AD1E3CB036007CBAA9 /* ToDoAppUITests */,
			);
		};
/* End PBXProject section */

/* Begin PBXResourcesBuildPhase section */
		3F8F948B1E3CB036007CBAA9 /* Resources */ = {
			isa = PBXResourcesBuildPhase;
			buildActionMask = 2147483647;
			files = (
				3F8F949D1E3CB036007CBAA9 /* LaunchScreen.storyboard in Resources */,
				3F8F949A1E3CB036007CBAA9 /* Assets.xcassets in Resources */,
				3F8F94981E3CB036007CBAA9 /* Main.storyboard in Resources */,
			);
			runOnlyForDeploymentPostprocessing = 0;
		};
		3F8F94A11E3CB036007CBAA9 /* Resources */ = {
			isa = PBXResourcesBuildPhase;
			buildActionMask = 2147483647;
			files = (
			);
			runOnlyForDeploymentPostprocessing = 0;
		};
		3F8F94AC1E3CB036007CBAA9 /* Resources */ = {
			isa = PBXResourcesBuildPhase;
			buildActionMask = 2147483647;
			files = (
			);
			runOnlyForDeploymentPostprocessing = 0;
		};
/* End PBXResourcesBuildPhase section */

/* Begin PBXShellScriptBuildPhase section */
		1212AA018DF32FDE9843DCE1 /* [CP] Copy Pods Resources */ = {
			isa = PBXShellScriptBuildPhase;
			buildActionMask = 2147483647;
			files = (
			);
			inputPaths = (
			);
			name = "[CP] Copy Pods Resources";
			outputPaths = (
			);
			runOnlyForDeploymentPostprocessing = 0;
			shellPath = /bin/sh;
			shellScript = "\"${SRCROOT}/Pods/Target Support Files/Pods-ToDoApp/Pods-ToDoApp-resources.sh\"\n";
			showEnvVarsInLog = 0;
		};
		1F7F0F07A9A8EA5A04EA6348 /* [CP] Copy Pods Resources */ = {
			isa = PBXShellScriptBuildPhase;
			buildActionMask = 2147483647;
			files = (
			);
			inputPaths = (
			);
			name = "[CP] Copy Pods Resources";
			outputPaths = (
			);
			runOnlyForDeploymentPostprocessing = 0;
			shellPath = /bin/sh;
			shellScript = "\"${SRCROOT}/Pods/Target Support Files/Pods-ToDoAppUITests/Pods-ToDoAppUITests-resources.sh\"\n";
			showEnvVarsInLog = 0;
		};
		42309466F218D6872DFE2D7E /* [CP] Copy Pods Resources */ = {
			isa = PBXShellScriptBuildPhase;
			buildActionMask = 2147483647;
			files = (
			);
			inputPaths = (
			);
			name = "[CP] Copy Pods Resources";
			outputPaths = (
			);
			runOnlyForDeploymentPostprocessing = 0;
			shellPath = /bin/sh;
			shellScript = "\"${SRCROOT}/Pods/Target Support Files/Pods-ToDoAppTests/Pods-ToDoAppTests-resources.sh\"\n";
			showEnvVarsInLog = 0;
		};
		8B4CEDEEFF8939C875B60AC4 /* [CP] Check Pods Manifest.lock */ = {
			isa = PBXShellScriptBuildPhase;
			buildActionMask = 2147483647;
			files = (
			);
			inputPaths = (
			);
			name = "[CP] Check Pods Manifest.lock";
			outputPaths = (
			);
			runOnlyForDeploymentPostprocessing = 0;
			shellPath = /bin/sh;
			shellScript = "diff \"${PODS_ROOT}/../Podfile.lock\" \"${PODS_ROOT}/Manifest.lock\" > /dev/null\nif [ $? != 0 ] ; then\n    # print error to STDERR\n    echo \"error: The sandbox is not in sync with the Podfile.lock. Run 'pod install' or update your CocoaPods installation.\" >&2\n    exit 1\nfi\n";
			showEnvVarsInLog = 0;
		};
		914B51DC2B02D91983FE45CC /* [CP] Embed Pods Frameworks */ = {
			isa = PBXShellScriptBuildPhase;
			buildActionMask = 2147483647;
			files = (
			);
			inputPaths = (
			);
			name = "[CP] Embed Pods Frameworks";
			outputPaths = (
			);
			runOnlyForDeploymentPostprocessing = 0;
			shellPath = /bin/sh;
			shellScript = "\"${SRCROOT}/Pods/Target Support Files/Pods-ToDoAppTests/Pods-ToDoAppTests-frameworks.sh\"\n";
			showEnvVarsInLog = 0;
		};
		93C15E5C3805C07C723DF562 /* [CP] Embed Pods Frameworks */ = {
			isa = PBXShellScriptBuildPhase;
			buildActionMask = 2147483647;
			files = (
			);
			inputPaths = (
			);
			name = "[CP] Embed Pods Frameworks";
			outputPaths = (
			);
			runOnlyForDeploymentPostprocessing = 0;
			shellPath = /bin/sh;
			shellScript = "\"${SRCROOT}/Pods/Target Support Files/Pods-ToDoAppUITests/Pods-ToDoAppUITests-frameworks.sh\"\n";
			showEnvVarsInLog = 0;
		};
		9F9D92B6E2D771F306F302DC /* [CP] Check Pods Manifest.lock */ = {
			isa = PBXShellScriptBuildPhase;
			buildActionMask = 2147483647;
			files = (
			);
			inputPaths = (
			);
			name = "[CP] Check Pods Manifest.lock";
			outputPaths = (
			);
			runOnlyForDeploymentPostprocessing = 0;
			shellPath = /bin/sh;
			shellScript = "diff \"${PODS_ROOT}/../Podfile.lock\" \"${PODS_ROOT}/Manifest.lock\" > /dev/null\nif [ $? != 0 ] ; then\n    # print error to STDERR\n    echo \"error: The sandbox is not in sync with the Podfile.lock. Run 'pod install' or update your CocoaPods installation.\" >&2\n    exit 1\nfi\n";
			showEnvVarsInLog = 0;
		};
		BBAB6C5EB2488C647DE1BE57 /* [CP] Check Pods Manifest.lock */ = {
			isa = PBXShellScriptBuildPhase;
			buildActionMask = 2147483647;
			files = (
			);
			inputPaths = (
			);
			name = "[CP] Check Pods Manifest.lock";
			outputPaths = (
			);
			runOnlyForDeploymentPostprocessing = 0;
			shellPath = /bin/sh;
			shellScript = "diff \"${PODS_ROOT}/../Podfile.lock\" \"${PODS_ROOT}/Manifest.lock\" > /dev/null\nif [ $? != 0 ] ; then\n    # print error to STDERR\n    echo \"error: The sandbox is not in sync with the Podfile.lock. Run 'pod install' or update your CocoaPods installation.\" >&2\n    exit 1\nfi\n";
			showEnvVarsInLog = 0;
		};
		C64E9E02743DB93B7591DC19 /* [CP] Embed Pods Frameworks */ = {
			isa = PBXShellScriptBuildPhase;
			buildActionMask = 2147483647;
			files = (
			);
			inputPaths = (
			);
			name = "[CP] Embed Pods Frameworks";
			outputPaths = (
			);
			runOnlyForDeploymentPostprocessing = 0;
			shellPath = /bin/sh;
			shellScript = "\"${SRCROOT}/Pods/Target Support Files/Pods-ToDoApp/Pods-ToDoApp-frameworks.sh\"\n";
			showEnvVarsInLog = 0;
		};
/* End PBXShellScriptBuildPhase section */

/* Begin PBXSourcesBuildPhase section */
		3F8F94891E3CB036007CBAA9 /* Sources */ = {
			isa = PBXSourcesBuildPhase;
			buildActionMask = 2147483647;
			files = (
				3F37F02B1E408461004897C6 /* StartScreenViewController.swift in Sources */,
				3F37F0291E3F8498004897C6 /* TaskDataType.swift in Sources */,
				3F8F94C11E3CBD7C007CBAA9 /* SingleTaskCell.swift in Sources */,
				3F8F94951E3CB036007CBAA9 /* SecondViewController.swift in Sources */,
				3F8F94C31E3CE628007CBAA9 /* ThridViewController.swift in Sources */,
				3F8F94911E3CB036007CBAA9 /* AppDelegate.swift in Sources */,
				3F8F94931E3CB036007CBAA9 /* FirstViewController.swift in Sources */,
			);
			runOnlyForDeploymentPostprocessing = 0;
		};
		3F8F949F1E3CB036007CBAA9 /* Sources */ = {
			isa = PBXSourcesBuildPhase;
			buildActionMask = 2147483647;
			files = (
				3F8F94A81E3CB036007CBAA9 /* ToDoAppTests.swift in Sources */,
			);
			runOnlyForDeploymentPostprocessing = 0;
		};
		3F8F94AA1E3CB036007CBAA9 /* Sources */ = {
			isa = PBXSourcesBuildPhase;
			buildActionMask = 2147483647;
			files = (
				3F8F94B31E3CB036007CBAA9 /* ToDoAppUITests.swift in Sources */,
			);
			runOnlyForDeploymentPostprocessing = 0;
		};
/* End PBXSourcesBuildPhase section */

/* Begin PBXTargetDependency section */
		3F8F94A51E3CB036007CBAA9 /* PBXTargetDependency */ = {
			isa = PBXTargetDependency;
			target = 3F8F948C1E3CB036007CBAA9 /* ToDoApp */;
			targetProxy = 3F8F94A41E3CB036007CBAA9 /* PBXContainerItemProxy */;
		};
		3F8F94B01E3CB036007CBAA9 /* PBXTargetDependency */ = {
			isa = PBXTargetDependency;
			target = 3F8F948C1E3CB036007CBAA9 /* ToDoApp */;
			targetProxy = 3F8F94AF1E3CB036007CBAA9 /* PBXContainerItemProxy */;
		};
/* End PBXTargetDependency section */

/* Begin PBXVariantGroup section */
		3F8F94961E3CB036007CBAA9 /* Main.storyboard */ = {
			isa = PBXVariantGroup;
			children = (
				3F8F94971E3CB036007CBAA9 /* Base */,
			);
			name = Main.storyboard;
			sourceTree = "<group>";
		};
		3F8F949B1E3CB036007CBAA9 /* LaunchScreen.storyboard */ = {
			isa = PBXVariantGroup;
			children = (
				3F8F949C1E3CB036007CBAA9 /* Base */,
			);
			name = LaunchScreen.storyboard;
			sourceTree = "<group>";
		};
/* End PBXVariantGroup section */

/* Begin XCBuildConfiguration section */
		3F8F94B51E3CB036007CBAA9 /* Debug */ = {
			isa = XCBuildConfiguration;
			buildSettings = {
				ALWAYS_SEARCH_USER_PATHS = NO;
				CLANG_ANALYZER_NONNULL = YES;
				CLANG_CXX_LANGUAGE_STANDARD = "gnu++0x";
				CLANG_CXX_LIBRARY = "libc++";
				CLANG_ENABLE_MODULES = YES;
				CLANG_ENABLE_OBJC_ARC = YES;
				CLANG_WARN_BOOL_CONVERSION = YES;
				CLANG_WARN_CONSTANT_CONVERSION = YES;
				CLANG_WARN_DIRECT_OBJC_ISA_USAGE = YES_ERROR;
				CLANG_WARN_DOCUMENTATION_COMMENTS = YES;
				CLANG_WARN_EMPTY_BODY = YES;
				CLANG_WARN_ENUM_CONVERSION = YES;
				CLANG_WARN_INFINITE_RECURSION = YES;
				CLANG_WARN_INT_CONVERSION = YES;
				CLANG_WARN_OBJC_ROOT_CLASS = YES_ERROR;
				CLANG_WARN_SUSPICIOUS_MOVE = YES;
				CLANG_WARN_UNREACHABLE_CODE = YES;
				CLANG_WARN__DUPLICATE_METHOD_MATCH = YES;
				"CODE_SIGN_IDENTITY[sdk=iphoneos*]" = "iPhone Developer";
				COPY_PHASE_STRIP = NO;
				DEBUG_INFORMATION_FORMAT = dwarf;
				ENABLE_STRICT_OBJC_MSGSEND = YES;
				ENABLE_TESTABILITY = YES;
				GCC_C_LANGUAGE_STANDARD = gnu99;
				GCC_DYNAMIC_NO_PIC = NO;
				GCC_NO_COMMON_BLOCKS = YES;
				GCC_OPTIMIZATION_LEVEL = 0;
				GCC_PREPROCESSOR_DEFINITIONS = (
					"DEBUG=1",
					"$(inherited)",
				);
				GCC_WARN_64_TO_32_BIT_CONVERSION = YES;
				GCC_WARN_ABOUT_RETURN_TYPE = YES_ERROR;
				GCC_WARN_UNDECLARED_SELECTOR = YES;
				GCC_WARN_UNINITIALIZED_AUTOS = YES_AGGRESSIVE;
				GCC_WARN_UNUSED_FUNCTION = YES;
				GCC_WARN_UNUSED_VARIABLE = YES;
				IPHONEOS_DEPLOYMENT_TARGET = 10.2;
				MTL_ENABLE_DEBUG_INFO = YES;
				ONLY_ACTIVE_ARCH = YES;
				SDKROOT = iphoneos;
				SWIFT_ACTIVE_COMPILATION_CONDITIONS = DEBUG;
				SWIFT_OPTIMIZATION_LEVEL = "-Onone";
				TARGETED_DEVICE_FAMILY = "1,2";
			};
			name = Debug;
		};
		3F8F94B61E3CB036007CBAA9 /* Release */ = {
			isa = XCBuildConfiguration;
			buildSettings = {
				ALWAYS_SEARCH_USER_PATHS = NO;
				CLANG_ANALYZER_NONNULL = YES;
				CLANG_CXX_LANGUAGE_STANDARD = "gnu++0x";
				CLANG_CXX_LIBRARY = "libc++";
				CLANG_ENABLE_MODULES = YES;
				CLANG_ENABLE_OBJC_ARC = YES;
				CLANG_WARN_BOOL_CONVERSION = YES;
				CLANG_WARN_CONSTANT_CONVERSION = YES;
				CLANG_WARN_DIRECT_OBJC_ISA_USAGE = YES_ERROR;
				CLANG_WARN_DOCUMENTATION_COMMENTS = YES;
				CLANG_WARN_EMPTY_BODY = YES;
				CLANG_WARN_ENUM_CONVERSION = YES;
				CLANG_WARN_INFINITE_RECURSION = YES;
				CLANG_WARN_INT_CONVERSION = YES;
				CLANG_WARN_OBJC_ROOT_CLASS = YES_ERROR;
				CLANG_WARN_SUSPICIOUS_MOVE = YES;
				CLANG_WARN_UNREACHABLE_CODE = YES;
				CLANG_WARN__DUPLICATE_METHOD_MATCH = YES;
				"CODE_SIGN_IDENTITY[sdk=iphoneos*]" = "iPhone Developer";
				COPY_PHASE_STRIP = NO;
				DEBUG_INFORMATION_FORMAT = "dwarf-with-dsym";
				ENABLE_NS_ASSERTIONS = NO;
				ENABLE_STRICT_OBJC_MSGSEND = YES;
				GCC_C_LANGUAGE_STANDARD = gnu99;
				GCC_NO_COMMON_BLOCKS = YES;
				GCC_WARN_64_TO_32_BIT_CONVERSION = YES;
				GCC_WARN_ABOUT_RETURN_TYPE = YES_ERROR;
				GCC_WARN_UNDECLARED_SELECTOR = YES;
				GCC_WARN_UNINITIALIZED_AUTOS = YES_AGGRESSIVE;
				GCC_WARN_UNUSED_FUNCTION = YES;
				GCC_WARN_UNUSED_VARIABLE = YES;
				IPHONEOS_DEPLOYMENT_TARGET = 10.2;
				MTL_ENABLE_DEBUG_INFO = NO;
				SDKROOT = iphoneos;
				SWIFT_OPTIMIZATION_LEVEL = "-Owholemodule";
				TARGETED_DEVICE_FAMILY = "1,2";
				VALIDATE_PRODUCT = YES;
			};
			name = Release;
		};
		3F8F94B81E3CB036007CBAA9 /* Debug */ = {
			isa = XCBuildConfiguration;
			baseConfigurationReference = 9927295253044AF4E1D3F054 /* Pods-ToDoApp.debug.xcconfig */;
			buildSettings = {
				ASSETCATALOG_COMPILER_APPICON_NAME = AppIcon;
				FRAMEWORK_SEARCH_PATHS = (
					"$(inherited)",
					"$(PROJECT_DIR)",
				);
				"FRAMEWORK_SEARCH_PATHS[arch=*]" = /Users/student/Documents/Projects/ToDoApp;
				INFOPLIST_FILE = ToDoApp/Info.plist;
				LD_RUNPATH_SEARCH_PATHS = "$(inherited) @executable_path/Frameworks";
				PRODUCT_BUNDLE_IDENTIFIER = Student.ToDoApp;
				PRODUCT_NAME = "$(TARGET_NAME)";
				SWIFT_VERSION = 3.0;
			};
			name = Debug;
		};
		3F8F94B91E3CB036007CBAA9 /* Release */ = {
			isa = XCBuildConfiguration;
			baseConfigurationReference = A98E18DEA6EE77F8CE0D9B34 /* Pods-ToDoApp.release.xcconfig */;
			buildSettings = {
				ASSETCATALOG_COMPILER_APPICON_NAME = AppIcon;
				FRAMEWORK_SEARCH_PATHS = (
					"$(inherited)",
					"$(PROJECT_DIR)",
				);
				"FRAMEWORK_SEARCH_PATHS[arch=*]" = /Users/student/Documents/Projects/ToDoApp;
				INFOPLIST_FILE = ToDoApp/Info.plist;
				LD_RUNPATH_SEARCH_PATHS = "$(inherited) @executable_path/Frameworks";
				PRODUCT_BUNDLE_IDENTIFIER = Student.ToDoApp;
				PRODUCT_NAME = "$(TARGET_NAME)";
				SWIFT_VERSION = 3.0;
			};
			name = Release;
		};
		3F8F94BB1E3CB036007CBAA9 /* Debug */ = {
			isa = XCBuildConfiguration;
			baseConfigurationReference = 97B5308B3C8585F38BD99045 /* Pods-ToDoAppTests.debug.xcconfig */;
			buildSettings = {
				ALWAYS_EMBED_SWIFT_STANDARD_LIBRARIES = YES;
				BUNDLE_LOADER = "$(TEST_HOST)";
				INFOPLIST_FILE = ToDoAppTests/Info.plist;
				LD_RUNPATH_SEARCH_PATHS = "$(inherited) @executable_path/Frameworks @loader_path/Frameworks";
				PRODUCT_BUNDLE_IDENTIFIER = Student.ToDoAppTests;
				PRODUCT_NAME = "$(TARGET_NAME)";
				SWIFT_VERSION = 3.0;
				TEST_HOST = "$(BUILT_PRODUCTS_DIR)/ToDoApp.app/ToDoApp";
			};
			name = Debug;
		};
		3F8F94BC1E3CB036007CBAA9 /* Release */ = {
			isa = XCBuildConfiguration;
			baseConfigurationReference = B4ACED003CB4A0C571F67198 /* Pods-ToDoAppTests.release.xcconfig */;
			buildSettings = {
				ALWAYS_EMBED_SWIFT_STANDARD_LIBRARIES = YES;
				BUNDLE_LOADER = "$(TEST_HOST)";
				INFOPLIST_FILE = ToDoAppTests/Info.plist;
				LD_RUNPATH_SEARCH_PATHS = "$(inherited) @executable_path/Frameworks @loader_path/Frameworks";
				PRODUCT_BUNDLE_IDENTIFIER = Student.ToDoAppTests;
				PRODUCT_NAME = "$(TARGET_NAME)";
				SWIFT_VERSION = 3.0;
				TEST_HOST = "$(BUILT_PRODUCTS_DIR)/ToDoApp.app/ToDoApp";
			};
			name = Release;
		};
		3F8F94BE1E3CB036007CBAA9 /* Debug */ = {
			isa = XCBuildConfiguration;
			baseConfigurationReference = 793887E5079350951FCA1571 /* Pods-ToDoAppUITests.debug.xcconfig */;
			buildSettings = {
				ALWAYS_EMBED_SWIFT_STANDARD_LIBRARIES = YES;
				INFOPLIST_FILE = ToDoAppUITests/Info.plist;
				LD_RUNPATH_SEARCH_PATHS = "$(inherited) @executable_path/Frameworks @loader_path/Frameworks";
				PRODUCT_BUNDLE_IDENTIFIER = Student.ToDoAppUITests;
				PRODUCT_NAME = "$(TARGET_NAME)";
				SWIFT_VERSION = 3.0;
				TEST_TARGET_NAME = ToDoApp;
			};
			name = Debug;
		};
		3F8F94BF1E3CB036007CBAA9 /* Release */ = {
			isa = XCBuildConfiguration;
			baseConfigurationReference = 950D6F697C9B4473E0951F89 /* Pods-ToDoAppUITests.release.xcconfig */;
			buildSettings = {
				ALWAYS_EMBED_SWIFT_STANDARD_LIBRARIES = YES;
				INFOPLIST_FILE = ToDoAppUITests/Info.plist;
				LD_RUNPATH_SEARCH_PATHS = "$(inherited) @executable_path/Frameworks @loader_path/Frameworks";
				PRODUCT_BUNDLE_IDENTIFIER = Student.ToDoAppUITests;
				PRODUCT_NAME = "$(TARGET_NAME)";
				SWIFT_VERSION = 3.0;
				TEST_TARGET_NAME = ToDoApp;
			};
			name = Release;
		};
/* End XCBuildConfiguration section */

/* Begin XCConfigurationList section */
		3F8F94881E3CB036007CBAA9 /* Build configuration list for PBXProject "ToDoApp" */ = {
			isa = XCConfigurationList;
			buildConfigurations = (
				3F8F94B51E3CB036007CBAA9 /* Debug */,
				3F8F94B61E3CB036007CBAA9 /* Release */,
			);
			defaultConfigurationIsVisible = 0;
			defaultConfigurationName = Release;
		};
		3F8F94B71E3CB036007CBAA9 /* Build configuration list for PBXNativeTarget "ToDoApp" */ = {
			isa = XCConfigurationList;
			buildConfigurations = (
				3F8F94B81E3CB036007CBAA9 /* Debug */,
				3F8F94B91E3CB036007CBAA9 /* Release */,
			);
			defaultConfigurationIsVisible = 0;
			defaultConfigurationName = Release;
		};
		3F8F94BA1E3CB036007CBAA9 /* Build configuration list for PBXNativeTarget "ToDoAppTests" */ = {
			isa = XCConfigurationList;
			buildConfigurations = (
				3F8F94BB1E3CB036007CBAA9 /* Debug */,
				3F8F94BC1E3CB036007CBAA9 /* Release */,
			);
			defaultConfigurationIsVisible = 0;
			defaultConfigurationName = Release;
		};
		3F8F94BD1E3CB036007CBAA9 /* Build configuration list for PBXNativeTarget "ToDoAppUITests" */ = {
			isa = XCConfigurationList;
			buildConfigurations = (
				3F8F94BE1E3CB036007CBAA9 /* Debug */,
				3F8F94BF1E3CB036007CBAA9 /* Release */,
			);
			defaultConfigurationIsVisible = 0;
			defaultConfigurationName = Release;
		};
/* End XCConfigurationList section */
	};
	rootObject = 3F8F94851E3CB036007CBAA9 /* Project object */;
}
